<?xml version="1.0" encoding="UTF-8" standalone="yes" ?>
<CodeBlocks_project_file>
	<FileVersion major="1" minor="6" />
	<Project>
		<Option title="GL_SDL" />
		<Option pch_mode="2" />
		<Option compiler="gcc" />
		<Build>
			<Target title="Debug">
				<Option output="bin/Debug/GL_SDL" prefix_auto="1" extension_auto="1" />
				<Option object_output="obj/Debug/" />
				<Option type="0" />
				<Option compiler="gcc" />
				<Compiler>
					<Add option="-g" />
				</Compiler>
			</Target>
			<Target title="Release">
				<Option output="bin/Release/GL_SDL" prefix_auto="1" extension_auto="1" />
				<Option object_output="obj/Release/" />
				<Option type="0" />
				<Option compiler="gcc" />
			</Target>
		</Build>
		<Compiler>
			<Add option="-Wall" />
		</Compiler>
		<Linker>
			<Add library="opengl32" />
			<Add library="glu32" />
			<Add library="gdi32" />
		</Linker>
		<Unit filename="Arrays.h" />
		<Unit filename="Bones.h" />
		<Unit filename="Cameras.h" />
		<Unit filename="Creators.h" />
		<Unit filename="CubeData.h" />
		<Unit filename="Cursors.h" />
		<Unit filename="Curves.h" />
		<Unit filename="Deformer.h" />
		<Unit filename="Dialog.h" />
		<Unit filename="ExtensionFunctions.h" />
		<Unit filename="File_IO.h" />
		<Unit filename="Generators.h" />
		<Unit filename="Hexagon.h" />
		<Unit filename="Hierarchys.h" />
		<Unit filename="IKSolution.h" />
		<Unit filename="ImageLoad.h" />
		<Unit filename="InitializingFunctions.h" />
		<Unit filename="Items.h" />
		<Unit filename="Lights.h" />
		<Unit filename="Loading.h" />
		<Unit filename="Materials.h" />
		<Unit filename="MathFunctions.h" />
		<Unit filename="Modeling.h" />
		<Unit filename="Morphs.h" />
		<Unit filename="Object.h" />
		<Unit filename="Poses.h" />
		<Unit filename="Properties.h" />
		<Unit filename="Rendering.h" />
		<Unit filename="Saving.h" />
		<Unit filename="Selections.h" />
		<Unit filename="Shaders.h" />
		<Unit filename="Subcharacters.h" />
		<Unit filename="Subdivision.h" />
		<Unit filename="Timeline.h" />
		<Unit filename="Trajectories.h" />
		<Unit filename="Transformer.h" />
		<Unit filename="Transforms.h" />
		<Unit filename="UserInterface.h" />
		<Unit filename="Validators.h" />
		<Unit filename="ZData.h" />
		<Unit filename="ZPlane.h" />
		<Unit filename="main.c">
			<Option compilerVar="CC" />
		</Unit>
		<Extensions>
			<lib_finder disable_auto="1" />
			<code_completion />
			<envvars />
			<debugger />
		</Extensions>
	</Project>
</CodeBlocks_project_file>
